
Microsoft Visual Studio Solution File, Format Version 12.00
# Visual Studio Version 16
VisualStudioVersion = 16.0.29609.76
MinimumVisualStudioVersion = 10.0.40219.1
Project("{FAE04EC0-301F-11D3-BF4B-00C04F79EFBC}") = "01-Server", "01-Server\01-Server.csproj", "{8E97C952-C8BD-4356-BFF3-A2779FF92096}"
EndProject
Project("{FAE04EC0-301F-11D3-BF4B-00C04F79EFBC}") = "01-Client", "01-Client\01-Client.csproj", "{D8319B9F-30A6-4137-87A6-42CB75644E4A}"
EndProject
Global
	GlobalSection(SolutionConfigurationPlatforms) = preSolution
		Debug|Any CPU = Debug|Any CPU
		Release|Any CPU = Release|Any CPU
	EndGlobalSection
	GlobalSection(ProjectConfigurationPlatforms) = postSolution
		{8E97C952-C8BD-4356-BFF3-A2779FF92096}.Debug|Any CPU.ActiveCfg = Debug|Any CPU
		{8E97C952-C8BD-4356-BFF3-A2779FF92096}.Debug|Any CPU.Build.0 = Debug|Any CPU
		{8E97C952-C8BD-4356-BFF3-A2779FF92096}.Release|Any CPU.ActiveCfg = Release|Any CPU
		{8E97C952-C8BD-4356-BFF3-A2779FF92096}.Release|Any CPU.Build.0 = Release|Any CPU
		{D8319B9F-30A6-4137-87A6-42CB75644E4A}.Debug|Any CPU.ActiveCfg = Debug|Any CPU
		{D8319B9F-30A6-4137-87A6-42CB75644E4A}.Debug|Any CPU.Build.0 = Debug|Any CPU
		{D8319B9F-30A6-4137-87A6-42CB75644E4A}.Release|Any CPU.ActiveCfg = Release|Any CPU
		{D8319B9F-30A6-4137-87A6-42CB75644E4A}.Release|Any CPU.Build.0 = Release|Any CPU
	EndGlobalSection
	GlobalSection(SolutionProperties) = preSolution
		HideSolutionNode = FALSE
	EndGlobalSection
	GlobalSection(ExtensibilityGlobals) = postSolution
		SolutionGuid = {E9B1E65F-21C9-4F87-AE88-EEEB8BADB9F5}
	EndGlobalSection
EndGlobal
